// !$*UTF8*$!
{
	archiveVersion = 1;
	classes = {
	};
	objectVersion = 50;
	objects = {

/* Begin PBXBuildFile section */
		8852D12324D32765008AE5B9 /* AppDelegate.swift in Sources */ = {isa = PBXBuildFile; fileRef = 8852D12224D32765008AE5B9 /* AppDelegate.swift */; };
		8852D12524D32765008AE5B9 /* SceneDelegate.swift in Sources */ = {isa = PBXBuildFile; fileRef = 8852D12424D32765008AE5B9 /* SceneDelegate.swift */; };
		8852D12D24D32765008AE5B9 /* VKApi.xcdatamodeld in Sources */ = {isa = PBXBuildFile; fileRef = 8852D12B24D32765008AE5B9 /* VKApi.xcdatamodeld */; };
		8852D12F24D3276C008AE5B9 /* Assets.xcassets in Resources */ = {isa = PBXBuildFile; fileRef = 8852D12E24D3276C008AE5B9 /* Assets.xcassets */; };
		8852D13A24D32C4A008AE5B9 /* AuthorizeViewController.swift in Sources */ = {isa = PBXBuildFile; fileRef = 8852D13924D32C4A008AE5B9 /* AuthorizeViewController.swift */; };
		8852D13C24D334A2008AE5B9 /* NetworkManager.swift in Sources */ = {isa = PBXBuildFile; fileRef = 8852D13B24D334A2008AE5B9 /* NetworkManager.swift */; };
		8852D14024D33DEE008AE5B9 /* MainListViewController.swift in Sources */ = {isa = PBXBuildFile; fileRef = 8852D13F24D33DEE008AE5B9 /* MainListViewController.swift */; };
		8852D14424D42C50008AE5B9 /* LaunchScreen.storyboard in Resources */ = {isa = PBXBuildFile; fileRef = 8852D14324D42C50008AE5B9 /* LaunchScreen.storyboard */; };
		8852D14624D437C5008AE5B9 /* PostListViewCell.swift in Sources */ = {isa = PBXBuildFile; fileRef = 8852D14524D437C5008AE5B9 /* PostListViewCell.swift */; };
		8875969F24DDAD9700630DC7 /* DateExtension.swift in Sources */ = {isa = PBXBuildFile; fileRef = 8875969E24DDAD9700630DC7 /* DateExtension.swift */; };
		887596A224DDC28800630DC7 /* DataManager.swift in Sources */ = {isa = PBXBuildFile; fileRef = 887596A124DDC28800630DC7 /* DataManager.swift */; };
		887596A624DDC6BE00630DC7 /* Response.swift in Sources */ = {isa = PBXBuildFile; fileRef = 887596A524DDC6BE00630DC7 /* Response.swift */; };
		887596B124E3429900630DC7 /* Post+CoreDataClass.swift in Sources */ = {isa = PBXBuildFile; fileRef = 887596AF24E3429900630DC7 /* Post+CoreDataClass.swift */; };
		887596B224E3429900630DC7 /* Post+CoreDataProperties.swift in Sources */ = {isa = PBXBuildFile; fileRef = 887596B024E3429900630DC7 /* Post+CoreDataProperties.swift */; };
/* End PBXBuildFile section */

/* Begin PBXFileReference section */
		8852D11F24D32765008AE5B9 /* VKApi.app */ = {isa = PBXFileReference; explicitFileType = wrapper.application; includeInIndex = 0; path = VKApi.app; sourceTree = BUILT_PRODUCTS_DIR; };
		8852D12224D32765008AE5B9 /* AppDelegate.swift */ = {isa = PBXFileReference; lastKnownFileType = sourcecode.swift; path = AppDelegate.swift; sourceTree = "<group>"; };
		8852D12424D32765008AE5B9 /* SceneDelegate.swift */ = {isa = PBXFileReference; lastKnownFileType = sourcecode.swift; path = SceneDelegate.swift; sourceTree = "<group>"; };
		8852D12C24D32765008AE5B9 /* VKApi.xcdatamodel */ = {isa = PBXFileReference; lastKnownFileType = wrapper.xcdatamodel; path = VKApi.xcdatamodel; sourceTree = "<group>"; };
		8852D12E24D3276C008AE5B9 /* Assets.xcassets */ = {isa = PBXFileReference; lastKnownFileType = folder.assetcatalog; path = Assets.xcassets; sourceTree = "<group>"; };
		8852D13324D3276C008AE5B9 /* Info.plist */ = {isa = PBXFileReference; lastKnownFileType = text.plist.xml; path = Info.plist; sourceTree = "<group>"; };
		8852D13924D32C4A008AE5B9 /* AuthorizeViewController.swift */ = {isa = PBXFileReference; lastKnownFileType = sourcecode.swift; path = AuthorizeViewController.swift; sourceTree = "<group>"; };
		8852D13B24D334A2008AE5B9 /* NetworkManager.swift */ = {isa = PBXFileReference; lastKnownFileType = sourcecode.swift; path = NetworkManager.swift; sourceTree = "<group>"; };
		8852D13F24D33DEE008AE5B9 /* MainListViewController.swift */ = {isa = PBXFileReference; lastKnownFileType = sourcecode.swift; path = MainListViewController.swift; sourceTree = "<group>"; };
		8852D14324D42C50008AE5B9 /* LaunchScreen.storyboard */ = {isa = PBXFileReference; fileEncoding = 4; lastKnownFileType = file.storyboard; path = LaunchScreen.storyboard; sourceTree = "<group>"; };
		8852D14524D437C5008AE5B9 /* PostListViewCell.swift */ = {isa = PBXFileReference; lastKnownFileType = sourcecode.swift; path = PostListViewCell.swift; sourceTree = "<group>"; };
		8875969E24DDAD9700630DC7 /* DateExtension.swift */ = {isa = PBXFileReference; lastKnownFileType = sourcecode.swift; path = DateExtension.swift; sourceTree = "<group>"; };
		887596A124DDC28800630DC7 /* DataManager.swift */ = {isa = PBXFileReference; lastKnownFileType = sourcecode.swift; path = DataManager.swift; sourceTree = "<group>"; };
		887596A524DDC6BE00630DC7 /* Response.swift */ = {isa = PBXFileReference; lastKnownFileType = sourcecode.swift; path = Response.swift; sourceTree = "<group>"; };
		887596AF24E3429900630DC7 /* Post+CoreDataClass.swift */ = {isa = PBXFileReference; lastKnownFileType = sourcecode.swift; name = "Post+CoreDataClass.swift"; path = "../../Post+CoreDataClass.swift"; sourceTree = "<group>"; };
		887596B024E3429900630DC7 /* Post+CoreDataProperties.swift */ = {isa = PBXFileReference; lastKnownFileType = sourcecode.swift; name = "Post+CoreDataProperties.swift"; path = "../../Post+CoreDataProperties.swift"; sourceTree = "<group>"; };
/* End PBXFileReference section */

/* Begin PBXFrameworksBuildPhase section */
		8852D11C24D32765008AE5B9 /* Frameworks */ = {
			isa = PBXFrameworksBuildPhase;
			buildActionMask = 2147483647;
			files = (
			);
			runOnlyForDeploymentPostprocessing = 0;
		};
/* End PBXFrameworksBuildPhase section */

/* Begin PBXGroup section */
		8852D11624D32765008AE5B9 = {
			isa = PBXGroup;
			children = (
				8852D12124D32765008AE5B9 /* VKApi */,
				8852D12024D32765008AE5B9 /* Products */,
			);
			sourceTree = "<group>";
		};
		8852D12024D32765008AE5B9 /* Products */ = {
			isa = PBXGroup;
			children = (
				8852D11F24D32765008AE5B9 /* VKApi.app */,
			);
			name = Products;
			sourceTree = "<group>";
		};
		8852D12124D32765008AE5B9 /* VKApi */ = {
			isa = PBXGroup;
			children = (
				8859916D24DDA86B00D7CC5B /* Helpers */,
				8852D13924D32C4A008AE5B9 /* AuthorizeViewController.swift */,
				8859916E24DDA97A00D7CC5B /* Models */,
				887596A024DDB08700630DC7 /* Network */,
				887596A324DDC33800630DC7 /* Data Manager */,
				8852D13F24D33DEE008AE5B9 /* MainListViewController.swift */,
				8852D14524D437C5008AE5B9 /* PostListViewCell.swift */,
				8852D14324D42C50008AE5B9 /* LaunchScreen.storyboard */,
				8852D12224D32765008AE5B9 /* AppDelegate.swift */,
				8852D12424D32765008AE5B9 /* SceneDelegate.swift */,
				8852D12E24D3276C008AE5B9 /* Assets.xcassets */,
				8852D13324D3276C008AE5B9 /* Info.plist */,
				8852D12B24D32765008AE5B9 /* VKApi.xcdatamodeld */,
			);
			path = VKApi;
			sourceTree = "<group>";
		};
		8859916D24DDA86B00D7CC5B /* Helpers */ = {
			isa = PBXGroup;
			children = (
				8875969E24DDAD9700630DC7 /* DateExtension.swift */,
			);
			path = Helpers;
			sourceTree = "<group>";
		};
		8859916E24DDA97A00D7CC5B /* Models */ = {
			isa = PBXGroup;
			children = (
				887596AF24E3429900630DC7 /* Post+CoreDataClass.swift */,
				887596B024E3429900630DC7 /* Post+CoreDataProperties.swift */,
			);
			path = Models;
			sourceTree = "<group>";
		};
		887596A024DDB08700630DC7 /* Network */ = {
			isa = PBXGroup;
			children = (
				887596A424DDC6B200630DC7 /* Models */,
				8852D13B24D334A2008AE5B9 /* NetworkManager.swift */,
			);
			path = Network;
			sourceTree = "<group>";
		};
		887596A324DDC33800630DC7 /* Data Manager */ = {
			isa = PBXGroup;
			children = (
				887596A124DDC28800630DC7 /* DataManager.swift */,
			);
			path = "Data Manager";
			sourceTree = "<group>";
		};
		887596A424DDC6B200630DC7 /* Models */ = {
			isa = PBXGroup;
			children = (
				887596A524DDC6BE00630DC7 /* Response.swift */,
			);
			path = Models;
			sourceTree = "<group>";
		};
/* End PBXGroup section */

/* Begin PBXNativeTarget section */
		8852D11E24D32765008AE5B9 /* VKApi */ = {
			isa = PBXNativeTarget;
			buildConfigurationList = 8852D13624D3276C008AE5B9 /* Build configuration list for PBXNativeTarget "VKApi" */;
			buildPhases = (
				8852D11B24D32765008AE5B9 /* Sources */,
				8852D11C24D32765008AE5B9 /* Frameworks */,
				8852D11D24D32765008AE5B9 /* Resources */,
			);
			buildRules = (
			);
			dependencies = (
			);
			name = VKApi;
			productName = VKApi;
			productReference = 8852D11F24D32765008AE5B9 /* VKApi.app */;
			productType = "com.apple.product-type.application";
		};
/* End PBXNativeTarget section */

/* Begin PBXProject section */
		8852D11724D32765008AE5B9 /* Project object */ = {
			isa = PBXProject;
			attributes = {
				LastSwiftUpdateCheck = 1140;
				LastUpgradeCheck = 1140;
				ORGANIZATIONNAME = "Maksim Torburg";
				TargetAttributes = {
					8852D11E24D32765008AE5B9 = {
						CreatedOnToolsVersion = 11.4.1;
					};
				};
			};
			buildConfigurationList = 8852D11A24D32765008AE5B9 /* Build configuration list for PBXProject "VKApi" */;
			compatibilityVersion = "Xcode 9.3";
			developmentRegion = en;
			hasScannedForEncodings = 0;
			knownRegions = (
				en,
				Base,
			);
			mainGroup = 8852D11624D32765008AE5B9;
			productRefGroup = 8852D12024D32765008AE5B9 /* Products */;
			projectDirPath = "";
			projectRoot = "";
			targets = (
				8852D11E24D32765008AE5B9 /* VKApi */,
			);
		};
/* End PBXProject section */

/* Begin PBXResourcesBuildPhase section */
		8852D11D24D32765008AE5B9 /* Resources */ = {
			isa = PBXResourcesBuildPhase;
			buildActionMask = 2147483647;
			files = (
				8852D12F24D3276C008AE5B9 /* Assets.xcassets in Resources */,
				8852D14424D42C50008AE5B9 /* LaunchScreen.storyboard in Resources */,
			);
			runOnlyForDeploymentPostprocessing = 0;
		};
/* End PBXResourcesBuildPhase section */

/* Begin PBXSourcesBuildPhase section */
		8852D11B24D32765008AE5B9 /* Sources */ = {
			isa = PBXSourcesBuildPhase;
			buildActionMask = 2147483647;
			files = (
				8852D12D24D32765008AE5B9 /* VKApi.xcdatamodeld in Sources */,
				887596B124E3429900630DC7 /* Post+CoreDataClass.swift in Sources */,
				887596A224DDC28800630DC7 /* DataManager.swift in Sources */,
				8852D12324D32765008AE5B9 /* AppDelegate.swift in Sources */,
				8852D13C24D334A2008AE5B9 /* NetworkManager.swift in Sources */,
				8852D14024D33DEE008AE5B9 /* MainListViewController.swift in Sources */,
				887596A624DDC6BE00630DC7 /* Response.swift in Sources */,
				8852D13A24D32C4A008AE5B9 /* AuthorizeViewController.swift in Sources */,
				887596B224E3429900630DC7 /* Post+CoreDataProperties.swift in Sources */,
				8875969F24DDAD9700630DC7 /* DateExtension.swift in Sources */,
				8852D14624D437C5008AE5B9 /* PostListViewCell.swift in Sources */,
				8852D12524D32765008AE5B9 /* SceneDelegate.swift in Sources */,
			);
			runOnlyForDeploymentPostprocessing = 0;
		};
/* End PBXSourcesBuildPhase section */

/* Begin XCBuildConfiguration section */
		8852D13424D3276C008AE5B9 /* Debug */ = {
			isa = XCBuildConfiguration;
			buildSettings = {
				ALWAYS_SEARCH_USER_PATHS = NO;
				CLANG_ANALYZER_NONNULL = YES;
				CLANG_ANALYZER_NUMBER_OBJECT_CONVERSION = YES_AGGRESSIVE;
				CLANG_CXX_LANGUAGE_STANDARD = "gnu++14";
				CLANG_CXX_LIBRARY = "libc++";
				CLANG_ENABLE_MODULES = YES;
				CLANG_ENABLE_OBJC_ARC = YES;
				CLANG_ENABLE_OBJC_WEAK = YES;
				CLANG_WARN_BLOCK_CAPTURE_AUTORELEASING = YES;
				CLANG_WARN_BOOL_CONVERSION = YES;
				CLANG_WARN_COMMA = YES;
				CLANG_WARN_CONSTANT_CONVERSION = YES;
				CLANG_WARN_DEPRECATED_OBJC_IMPLEMENTATIONS = YES;
				CLANG_WARN_DIRECT_OBJC_ISA_USAGE = YES_ERROR;
				CLANG_WARN_DOCUMENTATION_COMMENTS = YES;
				CLANG_WARN_EMPTY_BODY = YES;
				CLANG_WARN_ENUM_CONVERSION = YES;
				CLANG_WARN_INFINITE_RECURSION = YES;
				CLANG_WARN_INT_CONVERSION = YES;
				CLANG_WARN_NON_LITERAL_NULL_CONVERSION = YES;
				CLANG_WARN_OBJC_IMPLICIT_RETAIN_SELF = YES;
				CLANG_WARN_OBJC_LITERAL_CONVERSION = YES;
				CLANG_WARN_OBJC_ROOT_CLASS = YES_ERROR;
				CLANG_WARN_RANGE_LOOP_ANALYSIS = YES;
				CLANG_WARN_STRICT_PROTOTYPES = YES;
				CLANG_WARN_SUSPICIOUS_MOVE = YES;
				CLANG_WARN_UNGUARDED_AVAILABILITY = YES_AGGRESSIVE;
				CLANG_WARN_UNREACHABLE_CODE = YES;
				CLANG_WARN__DUPLICATE_METHOD_MATCH = YES;
				COPY_PHASE_STRIP = NO;
				DEBUG_INFORMATION_FORMAT = dwarf;
				ENABLE_STRICT_OBJC_MSGSEND = YES;
				ENABLE_TESTABILITY = YES;
				GCC_C_LANGUAGE_STANDARD = gnu11;
				GCC_DYNAMIC_NO_PIC = NO;
				GCC_NO_COMMON_BLOCKS = YES;
				GCC_OPTIMIZATION_LEVEL = 0;
				GCC_PREPROCESSOR_DEFINITIONS = (
					"DEBUG=1",
					"$(inherited)",
				);
				GCC_WARN_64_TO_32_BIT_CONVERSION = YES;
				GCC_WARN_ABOUT_RETURN_TYPE = YES_ERROR;
				GCC_WARN_UNDECLARED_SELECTOR = YES;
				GCC_WARN_UNINITIALIZED_AUTOS = YES_AGGRESSIVE;
				GCC_WARN_UNUSED_FUNCTION = YES;
				GCC_WARN_UNUSED_VARIABLE = YES;
				IPHONEOS_DEPLOYMENT_TARGET = 13.4;
				MTL_ENABLE_DEBUG_INFO = INCLUDE_SOURCE;
				MTL_FAST_MATH = YES;
				ONLY_ACTIVE_ARCH = YES;
				SDKROOT = iphoneos;
				SWIFT_ACTIVE_COMPILATION_CONDITIONS = DEBUG;
				SWIFT_OPTIMIZATION_LEVEL = "-Onone";
			};
			name = Debug;
		};
		8852D13524D3276C008AE5B9 /* Release */ = {
			isa = XCBuildConfiguration;
			buildSettings = {
				ALWAYS_SEARCH_USER_PATHS = NO;
				CLANG_ANALYZER_NONNULL = YES;
				CLANG_ANALYZER_NUMBER_OBJECT_CONVERSION = YES_AGGRESSIVE;
				CLANG_CXX_LANGUAGE_STANDARD = "gnu++14";
				CLANG_CXX_LIBRARY = "libc++";
				CLANG_ENABLE_MODULES = YES;
				CLANG_ENABLE_OBJC_ARC = YES;
				CLANG_ENABLE_OBJC_WEAK = YES;
				CLANG_WARN_BLOCK_CAPTURE_AUTORELEASING = YES;
				CLANG_WARN_BOOL_CONVERSION = YES;
				CLANG_WARN_COMMA = YES;
				CLANG_WARN_CONSTANT_CONVERSION = YES;
				CLANG_WARN_DEPRECATED_OBJC_IMPLEMENTATIONS = YES;
				CLANG_WARN_DIRECT_OBJC_ISA_USAGE = YES_ERROR;
				CLANG_WARN_DOCUMENTATION_COMMENTS = YES;
				CLANG_WARN_EMPTY_BODY = YES;
				CLANG_WARN_ENUM_CONVERSION = YES;
				CLANG_WARN_INFINITE_RECURSION = YES;
				CLANG_WARN_INT_CONVERSION = YES;
				CLANG_WARN_NON_LITERAL_NULL_CONVERSION = YES;
				CLANG_WARN_OBJC_IMPLICIT_RETAIN_SELF = YES;
				CLANG_WARN_OBJC_LITERAL_CONVERSION = YES;
				CLANG_WARN_OBJC_ROOT_CLASS = YES_ERROR;
				CLANG_WARN_RANGE_LOOP_ANALYSIS = YES;
				CLANG_WARN_STRICT_PROTOTYPES = YES;
				CLANG_WARN_SUSPICIOUS_MOVE = YES;
				CLANG_WARN_UNGUARDED_AVAILABILITY = YES_AGGRESSIVE;
				CLANG_WARN_UNREACHABLE_CODE = YES;
				CLANG_WARN__DUPLICATE_METHOD_MATCH = YES;
				COPY_PHASE_STRIP = NO;
				DEBUG_INFORMATION_FORMAT = "dwarf-with-dsym";
				ENABLE_NS_ASSERTIONS = NO;
				ENABLE_STRICT_OBJC_MSGSEND = YES;
				GCC_C_LANGUAGE_STANDARD = gnu11;
				GCC_NO_COMMON_BLOCKS = YES;
				GCC_WARN_64_TO_32_BIT_CONVERSION = YES;
				GCC_WARN_ABOUT_RETURN_TYPE = YES_ERROR;
				GCC_WARN_UNDECLARED_SELECTOR = YES;
				GCC_WARN_UNINITIALIZED_AUTOS = YES_AGGRESSIVE;
				GCC_WARN_UNUSED_FUNCTION = YES;
				GCC_WARN_UNUSED_VARIABLE = YES;
				IPHONEOS_DEPLOYMENT_TARGET = 13.4;
				MTL_ENABLE_DEBUG_INFO = NO;
				MTL_FAST_MATH = YES;
				SDKROOT = iphoneos;
				SWIFT_COMPILATION_MODE = wholemodule;
				SWIFT_OPTIMIZATION_LEVEL = "-O";
				VALIDATE_PRODUCT = YES;
			};
			name = Release;
		};
		8852D13724D3276C008AE5B9 /* Debug */ = {
			isa = XCBuildConfiguration;
			buildSettings = {
				ASSETCATALOG_COMPILER_APPICON_NAME = AppIcon;
				CODE_SIGN_STYLE = Automatic;
				DEVELOPMENT_TEAM = 97W4UY3T4N;
				INFOPLIST_FILE = VKApi/Info.plist;
				LD_RUNPATH_SEARCH_PATHS = (
					"$(inherited)",
					"@executable_path/Frameworks",
				);
				PRODUCT_BUNDLE_IDENTIFIER = net.torburg.VKApi;
				PRODUCT_NAME = "$(TARGET_NAME)";
				SWIFT_VERSION = 5.0;
				TARGETED_DEVICE_FAMILY = "1,2";
			};
			name = Debug;
		};
		8852D13824D3276C008AE5B9 /* Release */ = {
			isa = XCBuildConfiguration;
			buildSettings = {
				ASSETCATALOG_COMPILER_APPICON_NAME = AppIcon;
				CODE_SIGN_STYLE = Automatic;
				DEVELOPMENT_TEAM = 97W4UY3T4N;
				INFOPLIST_FILE = VKApi/Info.plist;
				LD_RUNPATH_SEARCH_PATHS = (
					"$(inherited)",
					"@executable_path/Frameworks",
				);
				PRODUCT_BUNDLE_IDENTIFIER = net.torburg.VKApi;
				PRODUCT_NAME = "$(TARGET_NAME)";
				SWIFT_VERSION = 5.0;
				TARGETED_DEVICE_FAMILY = "1,2";
			};
			name = Release;
		};
/* End XCBuildConfiguration section */

/* Begin XCConfigurationList section */
		8852D11A24D32765008AE5B9 /* Build configuration list for PBXProject "VKApi" */ = {
			isa = XCConfigurationList;
			buildConfigurations = (
				8852D13424D3276C008AE5B9 /* Debug */,
				8852D13524D3276C008AE5B9 /* Release */,
			);
			defaultConfigurationIsVisible = 0;
			defaultConfigurationName = Release;
		};
		8852D13624D3276C008AE5B9 /* Build configuration list for PBXNativeTarget "VKApi" */ = {
			isa = XCConfigurationList;
			buildConfigurations = (
				8852D13724D3276C008AE5B9 /* Debug */,
				8852D13824D3276C008AE5B9 /* Release */,
			);
			defaultConfigurationIsVisible = 0;
			defaultConfigurationName = Release;
		};
/* End XCConfigurationList section */

/* Begin XCVersionGroup section */
		8852D12B24D32765008AE5B9 /* VKApi.xcdatamodeld */ = {
			isa = XCVersionGroup;
			children = (
				8852D12C24D32765008AE5B9 /* VKApi.xcdatamodel */,
			);
			currentVersion = 8852D12C24D32765008AE5B9 /* VKApi.xcdatamodel */;
			path = VKApi.xcdatamodeld;
			sourceTree = "<group>";
			versionGroupType = wrapper.xcdatamodel;
		};
/* End XCVersionGroup section */
	};
	rootObject = 8852D11724D32765008AE5B9 /* Project object */;
}
